PODS:
  - FMDB (2.6.2):
    - FMDB/standard (= 2.6.2)
  - FMDB/standard (2.6.2)
  - Masonry (1.0.2)
  - SVProgressHUD (2.1.2)
  - XMNetworking (1.0.2):
    - XMNetworking/Core (= 1.0.2)
    - XMNetworking/Lib (= 1.0.2)
  - XMNetworking/Core (1.0.2):
    - XMNetworking/Lib/AFNetworking-3.1.0
  - XMNetworking/Lib (1.0.2):
    - XMNetworking/Lib/AFNetworking-3.1.0 (= 1.0.2)
  - XMNetworking/Lib/AFNetworking-3.1.0 (1.0.2)

DEPENDENCIES:
  - FMDB
  - Masonry
  - SVProgressHUD
  - XMNetworking

SPEC CHECKSUMS:
  FMDB: 854a0341b4726e53276f2a8996f06f1b80f9259a
  Masonry: 7c429b56da9d4ee0bbb3ed77a5ea710d6a5df39e
  SVProgressHUD: c404a55d78acbeb7ebb78b76d3faf986475a6994
  XMNetworking: bcc1d167c4386fb6bfefb0d6c7087f09333c2e09

PODFILE CHECKSUM: 854635cbdde1952f593dcc9abdfbe65f0f354ee8

COCOAPODS: 1.0.1
